
Microsoft Visual Studio Solution File, Format Version 12.00
# Visual Studio Version 17
VisualStudioVersion = 17.13.35818.85 d17.13
MinimumVisualStudioVersion = 10.0.40219.1
Project("{FAE04EC0-301F-11D3-BF4B-00C04F79EFBC}") = "ProjectForGit", "ProjectForGit\ProjectForGit.csproj", "{4586E8DA-4E59-493B-9938-2AB9CEA21A9C}"
EndProject
Global
	GlobalSection(SolutionConfigurationPlatforms) = preSolution
		Debug|Any CPU = Debug|Any CPU
		Release|Any CPU = Release|Any CPU
	EndGlobalSection
	GlobalSection(ProjectConfigurationPlatforms) = postSolution
		{4586E8DA-4E59-493B-9938-2AB9CEA21A9C}.Debug|Any CPU.ActiveCfg = Debug|Any CPU
		{4586E8DA-4E59-493B-9938-2AB9CEA21A9C}.Debug|Any CPU.Build.0 = Debug|Any CPU
		{4586E8DA-4E59-493B-9938-2AB9CEA21A9C}.Release|Any CPU.ActiveCfg = Release|Any CPU
		{4586E8DA-4E59-493B-9938-2AB9CEA21A9C}.Release|Any CPU.Build.0 = Release|Any CPU
	EndGlobalSection
	GlobalSection(SolutionProperties) = preSolution
		HideSolutionNode = FALSE
	EndGlobalSection
	GlobalSection(ExtensibilityGlobals) = postSolution
		SolutionGuid = {DFDE7481-4988-4962-AF5E-F451970837A8}
	EndGlobalSection
EndGlobal
